
Microsoft Visual Studio Solution File, Format Version 12.00
# Visual Studio Version 16
VisualStudioVersion = 16.0.35130.168
MinimumVisualStudioVersion = 10.0.40219.1
Project("{FAE04EC0-301F-11D3-BF4B-00C04F79EFBC}") = "prueba2", "prueba2\prueba2.csproj", "{4EABCCE4-3FDC-43E1-9628-BDA7AB38E957}"
EndProject
Global
	GlobalSection(SolutionConfigurationPlatforms) = preSolution
		Debug|Any CPU = Debug|Any CPU
		Release|Any CPU = Release|Any CPU
	EndGlobalSection
	GlobalSection(ProjectConfigurationPlatforms) = postSolution
		{4EABCCE4-3FDC-43E1-9628-BDA7AB38E957}.Debug|Any CPU.ActiveCfg = Debug|Any CPU
		{4EABCCE4-3FDC-43E1-9628-BDA7AB38E957}.Debug|Any CPU.Build.0 = Debug|Any CPU
		{4EABCCE4-3FDC-43E1-9628-BDA7AB38E957}.Release|Any CPU.ActiveCfg = Release|Any CPU
		{4EABCCE4-3FDC-43E1-9628-BDA7AB38E957}.Release|Any CPU.Build.0 = Release|Any CPU
	EndGlobalSection
	GlobalSection(SolutionProperties) = preSolution
		HideSolutionNode = FALSE
	EndGlobalSection
	GlobalSection(ExtensibilityGlobals) = postSolution
		SolutionGuid = {2A193BED-76F4-418C-B7C6-3EF8CA7E3A2D}
	EndGlobalSection
EndGlobal
